
Microsoft Visual Studio Solution File, Format Version 12.00
# Visual Studio Version 17
VisualStudioVersion = 17.12.35527.113
MinimumVisualStudioVersion = 10.0.40219.1
Project("{FAE04EC0-301F-11D3-BF4B-00C04F79EFBC}") = "PostLAN.Core", "src\PostLAN.Core\PostLAN.Core.csproj", "{2CA9972E-C579-41ED-A87B-C48EF7B185D0}"
EndProject
Project("{FAE04EC0-301F-11D3-BF4B-00C04F79EFBC}") = "PostLAN.Management", "src\PostLAN.Management\PostLAN.Management.csproj", "{1ADD8589-2D7E-4E6A-B2B2-C0DDAD1C9584}"
EndProject
Global
	GlobalSection(SolutionConfigurationPlatforms) = preSolution
		Debug|Any CPU = Debug|Any CPU
		Release|Any CPU = Release|Any CPU
	EndGlobalSection
	GlobalSection(ProjectConfigurationPlatforms) = postSolution
		{2CA9972E-C579-41ED-A87B-C48EF7B185D0}.Debug|Any CPU.ActiveCfg = Debug|Any CPU
		{2CA9972E-C579-41ED-A87B-C48EF7B185D0}.Debug|Any CPU.Build.0 = Debug|Any CPU
		{2CA9972E-C579-41ED-A87B-C48EF7B185D0}.Release|Any CPU.ActiveCfg = Release|Any CPU
		{2CA9972E-C579-41ED-A87B-C48EF7B185D0}.Release|Any CPU.Build.0 = Release|Any CPU
		{1ADD8589-2D7E-4E6A-B2B2-C0DDAD1C9584}.Debug|Any CPU.ActiveCfg = Debug|Any CPU
		{1ADD8589-2D7E-4E6A-B2B2-C0DDAD1C9584}.Debug|Any CPU.Build.0 = Debug|Any CPU
		{1ADD8589-2D7E-4E6A-B2B2-C0DDAD1C9584}.Release|Any CPU.ActiveCfg = Release|Any CPU
		{1ADD8589-2D7E-4E6A-B2B2-C0DDAD1C9584}.Release|Any CPU.Build.0 = Release|Any CPU
	EndGlobalSection
	GlobalSection(SolutionProperties) = preSolution
		HideSolutionNode = FALSE
	EndGlobalSection
EndGlobal
